{
  "object": {
    "pins": [
      {
        "package": "MIOTPVerificationSPM",
        "repositoryURL": "https://github.com/Mindinventory/MIOTPVerificationSPM.git",
        "state": {
          "branch": null,
          "revision": "5a7f85323e409c4ad991ebbec11adb5503d2b8f8",
          "version": "1.0.5"
        }
      }
    ]
  },
  "version": 1
}
