{
  "object": {
    "pins": [
      {
        "package": "MIOTPVerificationSPM",
        "repositoryURL": "https://github.com/Mindinventory/MIOTPVerificationSPM.git",
        "state": {
          "branch": null,
          "revision": "d192a5a3bc38a845989ec21a221cf4b5027d6847",
          "version": "1.0.6"
        }
      }
    ]
  },
  "version": 1
}
