// !$*UTF8*$!
{
	archiveVersion = 1;
	classes = {
	};
	objectVersion = 50;
	objects = {

/* Begin PBXBuildFile section */
		5A9DDCCA23EBD72500CABEEC /* AppDelegate.swift in Sources */ = {isa = PBXBuildFile; fileRef = 5A9DDCC923EBD72500CABEEC /* AppDelegate.swift */; };
		5A9DDCD123EBD72900CABEEC /* Assets.xcassets in Resources */ = {isa = PBXBuildFile; fileRef = 5A9DDCD023EBD72900CABEEC /* Assets.xcassets */; };
		5A9DDCD423EBD72900CABEEC /* LaunchScreen.storyboard in Resources */ = {isa = PBXBuildFile; fileRef = 5A9DDCD223EBD72900CABEEC /* LaunchScreen.storyboard */; };
		5A9DDCDD23EBD76400CABEEC /* OTPView.swift in Sources */ = {isa = PBXBuildFile; fileRef = 5A9DDCDB23EBD76300CABEEC /* OTPView.swift */; };
		5A9DDCDE23EBD76400CABEEC /* OTPTextField.swift in Sources */ = {isa = PBXBuildFile; fileRef = 5A9DDCDC23EBD76300CABEEC /* OTPTextField.swift */; };
		5A9DDCE023EBD77000CABEEC /* ViewController.swift in Sources */ = {isa = PBXBuildFile; fileRef = 5A9DDCDF23EBD77000CABEEC /* ViewController.swift */; };
		5A9DDCE223EBD77D00CABEEC /* Main.storyboard in Resources */ = {isa = PBXBuildFile; fileRef = 5A9DDCE123EBD77C00CABEEC /* Main.storyboard */; };
/* End PBXBuildFile section */

/* Begin PBXFileReference section */
		5A9DDCC623EBD72500CABEEC /* MIOTPVerification.app */ = {isa = PBXFileReference; explicitFileType = wrapper.application; includeInIndex = 0; path = MIOTPVerification.app; sourceTree = BUILT_PRODUCTS_DIR; };
		5A9DDCC923EBD72500CABEEC /* AppDelegate.swift */ = {isa = PBXFileReference; lastKnownFileType = sourcecode.swift; path = AppDelegate.swift; sourceTree = "<group>"; };
		5A9DDCD023EBD72900CABEEC /* Assets.xcassets */ = {isa = PBXFileReference; lastKnownFileType = folder.assetcatalog; path = Assets.xcassets; sourceTree = "<group>"; };
		5A9DDCD323EBD72900CABEEC /* Base */ = {isa = PBXFileReference; lastKnownFileType = file.storyboard; name = Base; path = Base.lproj/LaunchScreen.storyboard; sourceTree = "<group>"; };
		5A9DDCD523EBD72900CABEEC /* Info.plist */ = {isa = PBXFileReference; lastKnownFileType = text.plist.xml; path = Info.plist; sourceTree = "<group>"; };
		5A9DDCDB23EBD76300CABEEC /* OTPView.swift */ = {isa = PBXFileReference; fileEncoding = 4; lastKnownFileType = sourcecode.swift; path = OTPView.swift; sourceTree = "<group>"; };
		5A9DDCDC23EBD76300CABEEC /* OTPTextField.swift */ = {isa = PBXFileReference; fileEncoding = 4; lastKnownFileType = sourcecode.swift; path = OTPTextField.swift; sourceTree = "<group>"; };
		5A9DDCDF23EBD77000CABEEC /* ViewController.swift */ = {isa = PBXFileReference; fileEncoding = 4; lastKnownFileType = sourcecode.swift; path = ViewController.swift; sourceTree = "<group>"; };
		5A9DDCE123EBD77C00CABEEC /* Main.storyboard */ = {isa = PBXFileReference; fileEncoding = 4; lastKnownFileType = file.storyboard; path = Main.storyboard; sourceTree = "<group>"; };
/* End PBXFileReference section */

/* Begin PBXFrameworksBuildPhase section */
		5A9DDCC323EBD72500CABEEC /* Frameworks */ = {
			isa = PBXFrameworksBuildPhase;
			buildActionMask = 2147483647;
			files = (
			);
			runOnlyForDeploymentPostprocessing = 0;
		};
/* End PBXFrameworksBuildPhase section */

/* Begin PBXGroup section */
		5A9DDCBD23EBD72500CABEEC = {
			isa = PBXGroup;
			children = (
				5A9DDCC823EBD72500CABEEC /* MIOTPVerification */,
				5A9DDCC723EBD72500CABEEC /* Products */,
			);
			sourceTree = "<group>";
		};
		5A9DDCC723EBD72500CABEEC /* Products */ = {
			isa = PBXGroup;
			children = (
				5A9DDCC623EBD72500CABEEC /* MIOTPVerification.app */,
			);
			name = Products;
			sourceTree = "<group>";
		};
		5A9DDCC823EBD72500CABEEC /* MIOTPVerification */ = {
			isa = PBXGroup;
			children = (
				5A9DDCC923EBD72500CABEEC /* AppDelegate.swift */,
				5A9DDCDF23EBD77000CABEEC /* ViewController.swift */,
				5A9DDCE123EBD77C00CABEEC /* Main.storyboard */,
				5A9DDCDC23EBD76300CABEEC /* OTPTextField.swift */,
				5A9DDCDB23EBD76300CABEEC /* OTPView.swift */,
				5A9DDCD023EBD72900CABEEC /* Assets.xcassets */,
				5A9DDCD223EBD72900CABEEC /* LaunchScreen.storyboard */,
				5A9DDCD523EBD72900CABEEC /* Info.plist */,
			);
			path = MIOTPVerification;
			sourceTree = "<group>";
		};
/* End PBXGroup section */

/* Begin PBXNativeTarget section */
		5A9DDCC523EBD72500CABEEC /* MIOTPVerification */ = {
			isa = PBXNativeTarget;
			buildConfigurationList = 5A9DDCD823EBD72900CABEEC /* Build configuration list for PBXNativeTarget "MIOTPVerification" */;
			buildPhases = (
				5A9DDCC223EBD72500CABEEC /* Sources */,
				5A9DDCC323EBD72500CABEEC /* Frameworks */,
				5A9DDCC423EBD72500CABEEC /* Resources */,
			);
			buildRules = (
			);
			dependencies = (
			);
			name = MIOTPVerification;
			productName = MIOTPVerification;
			productReference = 5A9DDCC623EBD72500CABEEC /* MIOTPVerification.app */;
			productType = "com.apple.product-type.application";
		};
/* End PBXNativeTarget section */

/* Begin PBXProject section */
		5A9DDCBE23EBD72500CABEEC /* Project object */ = {
			isa = PBXProject;
			attributes = {
				LastSwiftUpdateCheck = 1020;
				LastUpgradeCheck = 1020;
				ORGANIZATIONNAME = "mac-00015";
				TargetAttributes = {
					5A9DDCC523EBD72500CABEEC = {
						CreatedOnToolsVersion = 10.2.1;
					};
				};
			};
			buildConfigurationList = 5A9DDCC123EBD72500CABEEC /* Build configuration list for PBXProject "MIOTPVerification" */;
			compatibilityVersion = "Xcode 9.3";
			developmentRegion = en;
			hasScannedForEncodings = 0;
			knownRegions = (
				en,
				Base,
			);
			mainGroup = 5A9DDCBD23EBD72500CABEEC;
			productRefGroup = 5A9DDCC723EBD72500CABEEC /* Products */;
			projectDirPath = "";
			projectRoot = "";
			targets = (
				5A9DDCC523EBD72500CABEEC /* MIOTPVerification */,
			);
		};
/* End PBXProject section */

/* Begin PBXResourcesBuildPhase section */
		5A9DDCC423EBD72500CABEEC /* Resources */ = {
			isa = PBXResourcesBuildPhase;
			buildActionMask = 2147483647;
			files = (
				5A9DDCE223EBD77D00CABEEC /* Main.storyboard in Resources */,
				5A9DDCD423EBD72900CABEEC /* LaunchScreen.storyboard in Resources */,
				5A9DDCD123EBD72900CABEEC /* Assets.xcassets in Resources */,
			);
			runOnlyForDeploymentPostprocessing = 0;
		};
/* End PBXResourcesBuildPhase section */

/* Begin PBXSourcesBuildPhase section */
		5A9DDCC223EBD72500CABEEC /* Sources */ = {
			isa = PBXSourcesBuildPhase;
			buildActionMask = 2147483647;
			files = (
				5A9DDCDE23EBD76400CABEEC /* OTPTextField.swift in Sources */,
				5A9DDCCA23EBD72500CABEEC /* AppDelegate.swift in Sources */,
				5A9DDCE023EBD77000CABEEC /* ViewController.swift in Sources */,
				5A9DDCDD23EBD76400CABEEC /* OTPView.swift in Sources */,
			);
			runOnlyForDeploymentPostprocessing = 0;
		};
/* End PBXSourcesBuildPhase section */

/* Begin PBXVariantGroup section */
		5A9DDCD223EBD72900CABEEC /* LaunchScreen.storyboard */ = {
			isa = PBXVariantGroup;
			children = (
				5A9DDCD323EBD72900CABEEC /* Base */,
			);
			name = LaunchScreen.storyboard;
			sourceTree = "<group>";
		};
/* End PBXVariantGroup section */

/* Begin XCBuildConfiguration section */
		5A9DDCD623EBD72900CABEEC /* Debug */ = {
			isa = XCBuildConfiguration;
			buildSettings = {
				ALWAYS_SEARCH_USER_PATHS = NO;
				CLANG_ANALYZER_NONNULL = YES;
				CLANG_ANALYZER_NUMBER_OBJECT_CONVERSION = YES_AGGRESSIVE;
				CLANG_CXX_LANGUAGE_STANDARD = "gnu++14";
				CLANG_CXX_LIBRARY = "libc++";
				CLANG_ENABLE_MODULES = YES;
				CLANG_ENABLE_OBJC_ARC = YES;
				CLANG_ENABLE_OBJC_WEAK = YES;
				CLANG_WARN_BLOCK_CAPTURE_AUTORELEASING = YES;
				CLANG_WARN_BOOL_CONVERSION = YES;
				CLANG_WARN_COMMA = YES;
				CLANG_WARN_CONSTANT_CONVERSION = YES;
				CLANG_WARN_DEPRECATED_OBJC_IMPLEMENTATIONS = YES;
				CLANG_WARN_DIRECT_OBJC_ISA_USAGE = YES_ERROR;
				CLANG_WARN_DOCUMENTATION_COMMENTS = YES;
				CLANG_WARN_EMPTY_BODY = YES;
				CLANG_WARN_ENUM_CONVERSION = YES;
				CLANG_WARN_INFINITE_RECURSION = YES;
				CLANG_WARN_INT_CONVERSION = YES;
				CLANG_WARN_NON_LITERAL_NULL_CONVERSION = YES;
				CLANG_WARN_OBJC_IMPLICIT_RETAIN_SELF = YES;
				CLANG_WARN_OBJC_LITERAL_CONVERSION = YES;
				CLANG_WARN_OBJC_ROOT_CLASS = YES_ERROR;
				CLANG_WARN_RANGE_LOOP_ANALYSIS = YES;
				CLANG_WARN_STRICT_PROTOTYPES = YES;
				CLANG_WARN_SUSPICIOUS_MOVE = YES;
				CLANG_WARN_UNGUARDED_AVAILABILITY = YES_AGGRESSIVE;
				CLANG_WARN_UNREACHABLE_CODE = YES;
				CLANG_WARN__DUPLICATE_METHOD_MATCH = YES;
				CODE_SIGN_IDENTITY = "iPhone Developer";
				COPY_PHASE_STRIP = NO;
				DEBUG_INFORMATION_FORMAT = dwarf;
				ENABLE_STRICT_OBJC_MSGSEND = YES;
				ENABLE_TESTABILITY = YES;
				GCC_C_LANGUAGE_STANDARD = gnu11;
				GCC_DYNAMIC_NO_PIC = NO;
				GCC_NO_COMMON_BLOCKS = YES;
				GCC_OPTIMIZATION_LEVEL = 0;
				GCC_PREPROCESSOR_DEFINITIONS = (
					"DEBUG=1",
					"$(inherited)",
				);
				GCC_WARN_64_TO_32_BIT_CONVERSION = YES;
				GCC_WARN_ABOUT_RETURN_TYPE = YES_ERROR;
				GCC_WARN_UNDECLARED_SELECTOR = YES;
				GCC_WARN_UNINITIALIZED_AUTOS = YES_AGGRESSIVE;
				GCC_WARN_UNUSED_FUNCTION = YES;
				GCC_WARN_UNUSED_VARIABLE = YES;
				IPHONEOS_DEPLOYMENT_TARGET = 12.2;
				MTL_ENABLE_DEBUG_INFO = INCLUDE_SOURCE;
				MTL_FAST_MATH = YES;
				ONLY_ACTIVE_ARCH = YES;
				SDKROOT = iphoneos;
				SWIFT_ACTIVE_COMPILATION_CONDITIONS = DEBUG;
				SWIFT_OPTIMIZATION_LEVEL = "-Onone";
			};
			name = Debug;
		};
		5A9DDCD723EBD72900CABEEC /* Release */ = {
			isa = XCBuildConfiguration;
			buildSettings = {
				ALWAYS_SEARCH_USER_PATHS = NO;
				CLANG_ANALYZER_NONNULL = YES;
				CLANG_ANALYZER_NUMBER_OBJECT_CONVERSION = YES_AGGRESSIVE;
				CLANG_CXX_LANGUAGE_STANDARD = "gnu++14";
				CLANG_CXX_LIBRARY = "libc++";
				CLANG_ENABLE_MODULES = YES;
				CLANG_ENABLE_OBJC_ARC = YES;
				CLANG_ENABLE_OBJC_WEAK = YES;
				CLANG_WARN_BLOCK_CAPTURE_AUTORELEASING = YES;
				CLANG_WARN_BOOL_CONVERSION = YES;
				CLANG_WARN_COMMA = YES;
				CLANG_WARN_CONSTANT_CONVERSION = YES;
				CLANG_WARN_DEPRECATED_OBJC_IMPLEMENTATIONS = YES;
				CLANG_WARN_DIRECT_OBJC_ISA_USAGE = YES_ERROR;
				CLANG_WARN_DOCUMENTATION_COMMENTS = YES;
				CLANG_WARN_EMPTY_BODY = YES;
				CLANG_WARN_ENUM_CONVERSION = YES;
				CLANG_WARN_INFINITE_RECURSION = YES;
				CLANG_WARN_INT_CONVERSION = YES;
				CLANG_WARN_NON_LITERAL_NULL_CONVERSION = YES;
				CLANG_WARN_OBJC_IMPLICIT_RETAIN_SELF = YES;
				CLANG_WARN_OBJC_LITERAL_CONVERSION = YES;
				CLANG_WARN_OBJC_ROOT_CLASS = YES_ERROR;
				CLANG_WARN_RANGE_LOOP_ANALYSIS = YES;
				CLANG_WARN_STRICT_PROTOTYPES = YES;
				CLANG_WARN_SUSPICIOUS_MOVE = YES;
				CLANG_WARN_UNGUARDED_AVAILABILITY = YES_AGGRESSIVE;
				CLANG_WARN_UNREACHABLE_CODE = YES;
				CLANG_WARN__DUPLICATE_METHOD_MATCH = YES;
				CODE_SIGN_IDENTITY = "iPhone Developer";
				COPY_PHASE_STRIP = NO;
				DEBUG_INFORMATION_FORMAT = "dwarf-with-dsym";
				ENABLE_NS_ASSERTIONS = NO;
				ENABLE_STRICT_OBJC_MSGSEND = YES;
				GCC_C_LANGUAGE_STANDARD = gnu11;
				GCC_NO_COMMON_BLOCKS = YES;
				GCC_WARN_64_TO_32_BIT_CONVERSION = YES;
				GCC_WARN_ABOUT_RETURN_TYPE = YES_ERROR;
				GCC_WARN_UNDECLARED_SELECTOR = YES;
				GCC_WARN_UNINITIALIZED_AUTOS = YES_AGGRESSIVE;
				GCC_WARN_UNUSED_FUNCTION = YES;
				GCC_WARN_UNUSED_VARIABLE = YES;
				IPHONEOS_DEPLOYMENT_TARGET = 12.2;
				MTL_ENABLE_DEBUG_INFO = NO;
				MTL_FAST_MATH = YES;
				SDKROOT = iphoneos;
				SWIFT_COMPILATION_MODE = wholemodule;
				SWIFT_OPTIMIZATION_LEVEL = "-O";
				VALIDATE_PRODUCT = YES;
			};
			name = Release;
		};
		5A9DDCD923EBD72900CABEEC /* Debug */ = {
			isa = XCBuildConfiguration;
			buildSettings = {
				ASSETCATALOG_COMPILER_APPICON_NAME = AppIcon;
				CODE_SIGN_STYLE = Automatic;
				INFOPLIST_FILE = MIOTPVerification/Info.plist;
				LD_RUNPATH_SEARCH_PATHS = (
					"$(inherited)",
					"@executable_path/Frameworks",
				);
				PRODUCT_BUNDLE_IDENTIFIER = com.mi.MIOTPVerification;
				PRODUCT_NAME = "$(TARGET_NAME)";
				SWIFT_VERSION = 5.0;
				TARGETED_DEVICE_FAMILY = "1,2";
			};
			name = Debug;
		};
		5A9DDCDA23EBD72900CABEEC /* Release */ = {
			isa = XCBuildConfiguration;
			buildSettings = {
				ASSETCATALOG_COMPILER_APPICON_NAME = AppIcon;
				CODE_SIGN_STYLE = Automatic;
				INFOPLIST_FILE = MIOTPVerification/Info.plist;
				LD_RUNPATH_SEARCH_PATHS = (
					"$(inherited)",
					"@executable_path/Frameworks",
				);
				PRODUCT_BUNDLE_IDENTIFIER = com.mi.MIOTPVerification;
				PRODUCT_NAME = "$(TARGET_NAME)";
				SWIFT_VERSION = 5.0;
				TARGETED_DEVICE_FAMILY = "1,2";
			};
			name = Release;
		};
/* End XCBuildConfiguration section */

/* Begin XCConfigurationList section */
		5A9DDCC123EBD72500CABEEC /* Build configuration list for PBXProject "MIOTPVerification" */ = {
			isa = XCConfigurationList;
			buildConfigurations = (
				5A9DDCD623EBD72900CABEEC /* Debug */,
				5A9DDCD723EBD72900CABEEC /* Release */,
			);
			defaultConfigurationIsVisible = 0;
			defaultConfigurationName = Release;
		};
		5A9DDCD823EBD72900CABEEC /* Build configuration list for PBXNativeTarget "MIOTPVerification" */ = {
			isa = XCConfigurationList;
			buildConfigurations = (
				5A9DDCD923EBD72900CABEEC /* Debug */,
				5A9DDCDA23EBD72900CABEEC /* Release */,
			);
			defaultConfigurationIsVisible = 0;
			defaultConfigurationName = Release;
		};
/* End XCConfigurationList section */
	};
	rootObject = 5A9DDCBE23EBD72500CABEEC /* Project object */;
}
